// !$*UTF8*$!
{
	archiveVersion = 1;
	classes = {
	};
	objectVersion = 55;
	objects = {

/* Begin PBXBuildFile section */
		6A2D34D3282EBC2F00A1EEC2 /* CodingTestViewController.swift in Sources */ = {isa = PBXBuildFile; fileRef = 6A2D34D2282EBC2F00A1EEC2 /* CodingTestViewController.swift */; };
		6A2D34D5282EBC6400A1EEC2 /* HistoryViewController.swift in Sources */ = {isa = PBXBuildFile; fileRef = 6A2D34D4282EBC6400A1EEC2 /* HistoryViewController.swift */; };
		6A2D34DD282F24FE00A1EEC2 /* CodingTestTimer_Tests.swift in Sources */ = {isa = PBXBuildFile; fileRef = 6A2D34DC282F24FE00A1EEC2 /* CodingTestTimer_Tests.swift */; };
		6A2D34E4282F7AF300A1EEC2 /* Colors.swift in Sources */ = {isa = PBXBuildFile; fileRef = 6A2D34E3282F7AF300A1EEC2 /* Colors.swift */; };
		6A3D96B82835D5EB007B8D7F /* CodingTestViewModel.swift in Sources */ = {isa = PBXBuildFile; fileRef = 6A3D96B72835D5EB007B8D7F /* CodingTestViewModel.swift */; };
		6AA99FBE282BD56B002554FE /* AppDelegate.swift in Sources */ = {isa = PBXBuildFile; fileRef = 6AA99FBD282BD56B002554FE /* AppDelegate.swift */; };
		6AA99FC0282BD56B002554FE /* SceneDelegate.swift in Sources */ = {isa = PBXBuildFile; fileRef = 6AA99FBF282BD56B002554FE /* SceneDelegate.swift */; };
		6AA99FC2282BD56B002554FE /* RootTabBarViewController.swift in Sources */ = {isa = PBXBuildFile; fileRef = 6AA99FC1282BD56B002554FE /* RootTabBarViewController.swift */; };
		6AA99FC7282BD56D002554FE /* Assets.xcassets in Resources */ = {isa = PBXBuildFile; fileRef = 6AA99FC6282BD56D002554FE /* Assets.xcassets */; };
		6AA99FCA282BD56D002554FE /* LaunchScreen.storyboard in Resources */ = {isa = PBXBuildFile; fileRef = 6AA99FC8282BD56D002554FE /* LaunchScreen.storyboard */; };
/* End PBXBuildFile section */

/* Begin PBXContainerItemProxy section */
		6A2D34DE282F24FE00A1EEC2 /* PBXContainerItemProxy */ = {
			isa = PBXContainerItemProxy;
			containerPortal = 6AA99FB2282BD56A002554FE /* Project object */;
			proxyType = 1;
			remoteGlobalIDString = 6AA99FB9282BD56A002554FE;
			remoteInfo = CodingTestTimer;
		};
/* End PBXContainerItemProxy section */

/* Begin PBXFileReference section */
		6A2D34D2282EBC2F00A1EEC2 /* CodingTestViewController.swift */ = {isa = PBXFileReference; lastKnownFileType = sourcecode.swift; path = CodingTestViewController.swift; sourceTree = "<group>"; };
		6A2D34D4282EBC6400A1EEC2 /* HistoryViewController.swift */ = {isa = PBXFileReference; lastKnownFileType = sourcecode.swift; path = HistoryViewController.swift; sourceTree = "<group>"; };
		6A2D34DA282F24FE00A1EEC2 /* CodingTestTimer_Tests.xctest */ = {isa = PBXFileReference; explicitFileType = wrapper.cfbundle; includeInIndex = 0; path = CodingTestTimer_Tests.xctest; sourceTree = BUILT_PRODUCTS_DIR; };
		6A2D34DC282F24FE00A1EEC2 /* CodingTestTimer_Tests.swift */ = {isa = PBXFileReference; lastKnownFileType = sourcecode.swift; path = CodingTestTimer_Tests.swift; sourceTree = "<group>"; };
		6A2D34E3282F7AF300A1EEC2 /* Colors.swift */ = {isa = PBXFileReference; lastKnownFileType = sourcecode.swift; path = Colors.swift; sourceTree = "<group>"; };
		6A3D96B72835D5EB007B8D7F /* CodingTestViewModel.swift */ = {isa = PBXFileReference; lastKnownFileType = sourcecode.swift; path = CodingTestViewModel.swift; sourceTree = "<group>"; };
		6AA99FBA282BD56A002554FE /* CodingTestTimer.app */ = {isa = PBXFileReference; explicitFileType = wrapper.application; includeInIndex = 0; path = CodingTestTimer.app; sourceTree = BUILT_PRODUCTS_DIR; };
		6AA99FBD282BD56B002554FE /* AppDelegate.swift */ = {isa = PBXFileReference; lastKnownFileType = sourcecode.swift; path = AppDelegate.swift; sourceTree = "<group>"; };
		6AA99FBF282BD56B002554FE /* SceneDelegate.swift */ = {isa = PBXFileReference; lastKnownFileType = sourcecode.swift; path = SceneDelegate.swift; sourceTree = "<group>"; };
		6AA99FC1282BD56B002554FE /* RootTabBarViewController.swift */ = {isa = PBXFileReference; lastKnownFileType = sourcecode.swift; path = RootTabBarViewController.swift; sourceTree = "<group>"; };
		6AA99FC6282BD56D002554FE /* Assets.xcassets */ = {isa = PBXFileReference; lastKnownFileType = folder.assetcatalog; path = Assets.xcassets; sourceTree = "<group>"; };
		6AA99FC9282BD56D002554FE /* Base */ = {isa = PBXFileReference; lastKnownFileType = file.storyboard; name = Base; path = Base.lproj/LaunchScreen.storyboard; sourceTree = "<group>"; };
		6AA99FCB282BD56D002554FE /* Info.plist */ = {isa = PBXFileReference; lastKnownFileType = text.plist.xml; path = Info.plist; sourceTree = "<group>"; };
/* End PBXFileReference section */

/* Begin PBXFrameworksBuildPhase section */
		6A2D34D7282F24FE00A1EEC2 /* Frameworks */ = {
			isa = PBXFrameworksBuildPhase;
			buildActionMask = 2147483647;
			files = (
			);
			runOnlyForDeploymentPostprocessing = 0;
		};
		6AA99FB7282BD56A002554FE /* Frameworks */ = {
			isa = PBXFrameworksBuildPhase;
			buildActionMask = 2147483647;
			files = (
			);
			runOnlyForDeploymentPostprocessing = 0;
		};
/* End PBXFrameworksBuildPhase section */

/* Begin PBXGroup section */
		6A2D34A7282E85E900A1EEC2 /* App */ = {
			isa = PBXGroup;
			children = (
				6A2D34E3282F7AF300A1EEC2 /* Colors.swift */,
				6AA99FBD282BD56B002554FE /* AppDelegate.swift */,
				6AA99FBF282BD56B002554FE /* SceneDelegate.swift */,
			);
			path = App;
			sourceTree = "<group>";
		};
		6A2D34D1282EB71D00A1EEC2 /* View */ = {
			isa = PBXGroup;
			children = (
				6AA99FC1282BD56B002554FE /* RootTabBarViewController.swift */,
				6A2D34D2282EBC2F00A1EEC2 /* CodingTestViewController.swift */,
				6A2D34D4282EBC6400A1EEC2 /* HistoryViewController.swift */,
			);
			path = View;
			sourceTree = "<group>";
		};
		6A2D34DB282F24FE00A1EEC2 /* CodingTestTimer_Tests */ = {
			isa = PBXGroup;
			children = (
				6A2D34DC282F24FE00A1EEC2 /* CodingTestTimer_Tests.swift */,
			);
			path = CodingTestTimer_Tests;
			sourceTree = "<group>";
		};
		6A3D96B62835CE9C007B8D7F /* ViewModel */ = {
			isa = PBXGroup;
			children = (
				6A3D96B72835D5EB007B8D7F /* CodingTestViewModel.swift */,
			);
			path = ViewModel;
			sourceTree = "<group>";
		};
		6AA99FB1282BD56A002554FE = {
			isa = PBXGroup;
			children = (
				6AA99FBC282BD56A002554FE /* CodingTestTimer */,
				6A2D34DB282F24FE00A1EEC2 /* CodingTestTimer_Tests */,
				6AA99FBB282BD56A002554FE /* Products */,
			);
			sourceTree = "<group>";
		};
		6AA99FBB282BD56A002554FE /* Products */ = {
			isa = PBXGroup;
			children = (
				6AA99FBA282BD56A002554FE /* CodingTestTimer.app */,
				6A2D34DA282F24FE00A1EEC2 /* CodingTestTimer_Tests.xctest */,
			);
			name = Products;
			sourceTree = "<group>";
		};
		6AA99FBC282BD56A002554FE /* CodingTestTimer */ = {
			isa = PBXGroup;
			children = (
				6A3D96B62835CE9C007B8D7F /* ViewModel */,
				6A2D34D1282EB71D00A1EEC2 /* View */,
				6A2D34A7282E85E900A1EEC2 /* App */,
				6AA99FC6282BD56D002554FE /* Assets.xcassets */,
				6AA99FC8282BD56D002554FE /* LaunchScreen.storyboard */,
				6AA99FCB282BD56D002554FE /* Info.plist */,
			);
			path = CodingTestTimer;
			sourceTree = "<group>";
		};
/* End PBXGroup section */

/* Begin PBXNativeTarget section */
		6A2D34D9282F24FE00A1EEC2 /* CodingTestTimer_Tests */ = {
			isa = PBXNativeTarget;
			buildConfigurationList = 6A2D34E2282F24FE00A1EEC2 /* Build configuration list for PBXNativeTarget "CodingTestTimer_Tests" */;
			buildPhases = (
				6A2D34D6282F24FE00A1EEC2 /* Sources */,
				6A2D34D7282F24FE00A1EEC2 /* Frameworks */,
				6A2D34D8282F24FE00A1EEC2 /* Resources */,
			);
			buildRules = (
			);
			dependencies = (
				6A2D34DF282F24FE00A1EEC2 /* PBXTargetDependency */,
			);
			name = CodingTestTimer_Tests;
			productName = CodingTestTimer_Tests;
			productReference = 6A2D34DA282F24FE00A1EEC2 /* CodingTestTimer_Tests.xctest */;
			productType = "com.apple.product-type.bundle.unit-test";
		};
		6AA99FB9282BD56A002554FE /* CodingTestTimer */ = {
			isa = PBXNativeTarget;
			buildConfigurationList = 6AA99FCE282BD56D002554FE /* Build configuration list for PBXNativeTarget "CodingTestTimer" */;
			buildPhases = (
				6AA99FB6282BD56A002554FE /* Sources */,
				6AA99FB7282BD56A002554FE /* Frameworks */,
				6AA99FB8282BD56A002554FE /* Resources */,
			);
			buildRules = (
			);
			dependencies = (
			);
			name = CodingTestTimer;
			productName = CodingTestTimer;
			productReference = 6AA99FBA282BD56A002554FE /* CodingTestTimer.app */;
			productType = "com.apple.product-type.application";
		};
/* End PBXNativeTarget section */

/* Begin PBXProject section */
		6AA99FB2282BD56A002554FE /* Project object */ = {
			isa = PBXProject;
			attributes = {
				BuildIndependentTargetsInParallel = 1;
				LastSwiftUpdateCheck = 1330;
				LastUpgradeCheck = 1330;
				TargetAttributes = {
					6A2D34D9282F24FE00A1EEC2 = {
						CreatedOnToolsVersion = 13.3.1;
						TestTargetID = 6AA99FB9282BD56A002554FE;
					};
					6AA99FB9282BD56A002554FE = {
						CreatedOnToolsVersion = 13.3.1;
					};
				};
			};
			buildConfigurationList = 6AA99FB5282BD56A002554FE /* Build configuration list for PBXProject "CodingTestTimer" */;
			compatibilityVersion = "Xcode 13.0";
			developmentRegion = en;
			hasScannedForEncodings = 0;
			knownRegions = (
				en,
				Base,
			);
			mainGroup = 6AA99FB1282BD56A002554FE;
			productRefGroup = 6AA99FBB282BD56A002554FE /* Products */;
			projectDirPath = "";
			projectRoot = "";
			targets = (
				6AA99FB9282BD56A002554FE /* CodingTestTimer */,
				6A2D34D9282F24FE00A1EEC2 /* CodingTestTimer_Tests */,
			);
		};
/* End PBXProject section */

/* Begin PBXResourcesBuildPhase section */
		6A2D34D8282F24FE00A1EEC2 /* Resources */ = {
			isa = PBXResourcesBuildPhase;
			buildActionMask = 2147483647;
			files = (
			);
			runOnlyForDeploymentPostprocessing = 0;
		};
		6AA99FB8282BD56A002554FE /* Resources */ = {
			isa = PBXResourcesBuildPhase;
			buildActionMask = 2147483647;
			files = (
				6AA99FCA282BD56D002554FE /* LaunchScreen.storyboard in Resources */,
				6AA99FC7282BD56D002554FE /* Assets.xcassets in Resources */,
			);
			runOnlyForDeploymentPostprocessing = 0;
		};
/* End PBXResourcesBuildPhase section */

/* Begin PBXSourcesBuildPhase section */
		6A2D34D6282F24FE00A1EEC2 /* Sources */ = {
			isa = PBXSourcesBuildPhase;
			buildActionMask = 2147483647;
			files = (
				6A2D34DD282F24FE00A1EEC2 /* CodingTestTimer_Tests.swift in Sources */,
			);
			runOnlyForDeploymentPostprocessing = 0;
		};
		6AA99FB6282BD56A002554FE /* Sources */ = {
			isa = PBXSourcesBuildPhase;
			buildActionMask = 2147483647;
			files = (
				6A3D96B82835D5EB007B8D7F /* CodingTestViewModel.swift in Sources */,
				6A2D34D3282EBC2F00A1EEC2 /* CodingTestViewController.swift in Sources */,
				6A2D34E4282F7AF300A1EEC2 /* Colors.swift in Sources */,
				6AA99FC2282BD56B002554FE /* RootTabBarViewController.swift in Sources */,
				6AA99FBE282BD56B002554FE /* AppDelegate.swift in Sources */,
				6AA99FC0282BD56B002554FE /* SceneDelegate.swift in Sources */,
				6A2D34D5282EBC6400A1EEC2 /* HistoryViewController.swift in Sources */,
			);
			runOnlyForDeploymentPostprocessing = 0;
		};
/* End PBXSourcesBuildPhase section */

/* Begin PBXTargetDependency section */
		6A2D34DF282F24FE00A1EEC2 /* PBXTargetDependency */ = {
			isa = PBXTargetDependency;
			target = 6AA99FB9282BD56A002554FE /* CodingTestTimer */;
			targetProxy = 6A2D34DE282F24FE00A1EEC2 /* PBXContainerItemProxy */;
		};
/* End PBXTargetDependency section */

/* Begin PBXVariantGroup section */
		6AA99FC8282BD56D002554FE /* LaunchScreen.storyboard */ = {
			isa = PBXVariantGroup;
			children = (
				6AA99FC9282BD56D002554FE /* Base */,
			);
			name = LaunchScreen.storyboard;
			sourceTree = "<group>";
		};
/* End PBXVariantGroup section */

/* Begin XCBuildConfiguration section */
		6A2D34E0282F24FE00A1EEC2 /* Debug */ = {
			isa = XCBuildConfiguration;
			buildSettings = {
				BUNDLE_LOADER = "$(TEST_HOST)";
				CODE_SIGN_STYLE = Automatic;
				CURRENT_PROJECT_VERSION = 1;
				DEVELOPMENT_TEAM = CU5DL5JJWC;
				GENERATE_INFOPLIST_FILE = YES;
				MARKETING_VERSION = 1.0;
				PRODUCT_BUNDLE_IDENTIFIER = "com.ghdps.CodingTestTimer-Tests";
				PRODUCT_NAME = "$(TARGET_NAME)";
				SWIFT_EMIT_LOC_STRINGS = NO;
				SWIFT_VERSION = 5.0;
				TARGETED_DEVICE_FAMILY = "1,2";
				TEST_HOST = "$(BUILT_PRODUCTS_DIR)/CodingTestTimer.app/CodingTestTimer";
			};
			name = Debug;
		};
		6A2D34E1282F24FE00A1EEC2 /* Release */ = {
			isa = XCBuildConfiguration;
			buildSettings = {
				BUNDLE_LOADER = "$(TEST_HOST)";
				CODE_SIGN_STYLE = Automatic;
				CURRENT_PROJECT_VERSION = 1;
				DEVELOPMENT_TEAM = CU5DL5JJWC;
				GENERATE_INFOPLIST_FILE = YES;
				MARKETING_VERSION = 1.0;
				PRODUCT_BUNDLE_IDENTIFIER = "com.ghdps.CodingTestTimer-Tests";
				PRODUCT_NAME = "$(TARGET_NAME)";
				SWIFT_EMIT_LOC_STRINGS = NO;
				SWIFT_VERSION = 5.0;
				TARGETED_DEVICE_FAMILY = "1,2";
				TEST_HOST = "$(BUILT_PRODUCTS_DIR)/CodingTestTimer.app/CodingTestTimer";
			};
			name = Release;
		};
		6AA99FCC282BD56D002554FE /* Debug */ = {
			isa = XCBuildConfiguration;
			buildSettings = {
				ALWAYS_SEARCH_USER_PATHS = NO;
				CLANG_ANALYZER_NONNULL = YES;
				CLANG_ANALYZER_NUMBER_OBJECT_CONVERSION = YES_AGGRESSIVE;
				CLANG_CXX_LANGUAGE_STANDARD = "gnu++17";
				CLANG_ENABLE_MODULES = YES;
				CLANG_ENABLE_OBJC_ARC = YES;
				CLANG_ENABLE_OBJC_WEAK = YES;
				CLANG_WARN_BLOCK_CAPTURE_AUTORELEASING = YES;
				CLANG_WARN_BOOL_CONVERSION = YES;
				CLANG_WARN_COMMA = YES;
				CLANG_WARN_CONSTANT_CONVERSION = YES;
				CLANG_WARN_DEPRECATED_OBJC_IMPLEMENTATIONS = YES;
				CLANG_WARN_DIRECT_OBJC_ISA_USAGE = YES_ERROR;
				CLANG_WARN_DOCUMENTATION_COMMENTS = YES;
				CLANG_WARN_EMPTY_BODY = YES;
				CLANG_WARN_ENUM_CONVERSION = YES;
				CLANG_WARN_INFINITE_RECURSION = YES;
				CLANG_WARN_INT_CONVERSION = YES;
				CLANG_WARN_NON_LITERAL_NULL_CONVERSION = YES;
				CLANG_WARN_OBJC_IMPLICIT_RETAIN_SELF = YES;
				CLANG_WARN_OBJC_LITERAL_CONVERSION = YES;
				CLANG_WARN_OBJC_ROOT_CLASS = YES_ERROR;
				CLANG_WARN_QUOTED_INCLUDE_IN_FRAMEWORK_HEADER = YES;
				CLANG_WARN_RANGE_LOOP_ANALYSIS = YES;
				CLANG_WARN_STRICT_PROTOTYPES = YES;
				CLANG_WARN_SUSPICIOUS_MOVE = YES;
				CLANG_WARN_UNGUARDED_AVAILABILITY = YES_AGGRESSIVE;
				CLANG_WARN_UNREACHABLE_CODE = YES;
				CLANG_WARN__DUPLICATE_METHOD_MATCH = YES;
				COPY_PHASE_STRIP = NO;
				DEBUG_INFORMATION_FORMAT = dwarf;
				ENABLE_STRICT_OBJC_MSGSEND = YES;
				ENABLE_TESTABILITY = YES;
				GCC_C_LANGUAGE_STANDARD = gnu11;
				GCC_DYNAMIC_NO_PIC = NO;
				GCC_NO_COMMON_BLOCKS = YES;
				GCC_OPTIMIZATION_LEVEL = 0;
				GCC_PREPROCESSOR_DEFINITIONS = (
					"DEBUG=1",
					"$(inherited)",
				);
				GCC_WARN_64_TO_32_BIT_CONVERSION = YES;
				GCC_WARN_ABOUT_RETURN_TYPE = YES_ERROR;
				GCC_WARN_UNDECLARED_SELECTOR = YES;
				GCC_WARN_UNINITIALIZED_AUTOS = YES_AGGRESSIVE;
				GCC_WARN_UNUSED_FUNCTION = YES;
				GCC_WARN_UNUSED_VARIABLE = YES;
				IPHONEOS_DEPLOYMENT_TARGET = 15.4;
				MTL_ENABLE_DEBUG_INFO = INCLUDE_SOURCE;
				MTL_FAST_MATH = YES;
				ONLY_ACTIVE_ARCH = YES;
				SDKROOT = iphoneos;
				SWIFT_ACTIVE_COMPILATION_CONDITIONS = DEBUG;
				SWIFT_OPTIMIZATION_LEVEL = "-Onone";
			};
			name = Debug;
		};
		6AA99FCD282BD56D002554FE /* Release */ = {
			isa = XCBuildConfiguration;
			buildSettings = {
				ALWAYS_SEARCH_USER_PATHS = NO;
				CLANG_ANALYZER_NONNULL = YES;
				CLANG_ANALYZER_NUMBER_OBJECT_CONVERSION = YES_AGGRESSIVE;
				CLANG_CXX_LANGUAGE_STANDARD = "gnu++17";
				CLANG_ENABLE_MODULES = YES;
				CLANG_ENABLE_OBJC_ARC = YES;
				CLANG_ENABLE_OBJC_WEAK = YES;
				CLANG_WARN_BLOCK_CAPTURE_AUTORELEASING = YES;
				CLANG_WARN_BOOL_CONVERSION = YES;
				CLANG_WARN_COMMA = YES;
				CLANG_WARN_CONSTANT_CONVERSION = YES;
				CLANG_WARN_DEPRECATED_OBJC_IMPLEMENTATIONS = YES;
				CLANG_WARN_DIRECT_OBJC_ISA_USAGE = YES_ERROR;
				CLANG_WARN_DOCUMENTATION_COMMENTS = YES;
				CLANG_WARN_EMPTY_BODY = YES;
				CLANG_WARN_ENUM_CONVERSION = YES;
				CLANG_WARN_INFINITE_RECURSION = YES;
				CLANG_WARN_INT_CONVERSION = YES;
				CLANG_WARN_NON_LITERAL_NULL_CONVERSION = YES;
				CLANG_WARN_OBJC_IMPLICIT_RETAIN_SELF = YES;
				CLANG_WARN_OBJC_LITERAL_CONVERSION = YES;
				CLANG_WARN_OBJC_ROOT_CLASS = YES_ERROR;
				CLANG_WARN_QUOTED_INCLUDE_IN_FRAMEWORK_HEADER = YES;
				CLANG_WARN_RANGE_LOOP_ANALYSIS = YES;
				CLANG_WARN_STRICT_PROTOTYPES = YES;
				CLANG_WARN_SUSPICIOUS_MOVE = YES;
				CLANG_WARN_UNGUARDED_AVAILABILITY = YES_AGGRESSIVE;
				CLANG_WARN_UNREACHABLE_CODE = YES;
				CLANG_WARN__DUPLICATE_METHOD_MATCH = YES;
				COPY_PHASE_STRIP = NO;
				DEBUG_INFORMATION_FORMAT = "dwarf-with-dsym";
				ENABLE_NS_ASSERTIONS = NO;
				ENABLE_STRICT_OBJC_MSGSEND = YES;
				GCC_C_LANGUAGE_STANDARD = gnu11;
				GCC_NO_COMMON_BLOCKS = YES;
				GCC_WARN_64_TO_32_BIT_CONVERSION = YES;
				GCC_WARN_ABOUT_RETURN_TYPE = YES_ERROR;
				GCC_WARN_UNDECLARED_SELECTOR = YES;
				GCC_WARN_UNINITIALIZED_AUTOS = YES_AGGRESSIVE;
				GCC_WARN_UNUSED_FUNCTION = YES;
				GCC_WARN_UNUSED_VARIABLE = YES;
				IPHONEOS_DEPLOYMENT_TARGET = 15.4;
				MTL_ENABLE_DEBUG_INFO = NO;
				MTL_FAST_MATH = YES;
				SDKROOT = iphoneos;
				SWIFT_COMPILATION_MODE = wholemodule;
				SWIFT_OPTIMIZATION_LEVEL = "-O";
				VALIDATE_PRODUCT = YES;
			};
			name = Release;
		};
		6AA99FCF282BD56D002554FE /* Debug */ = {
			isa = XCBuildConfiguration;
			buildSettings = {
				ASSETCATALOG_COMPILER_APPICON_NAME = AppIcon;
				ASSETCATALOG_COMPILER_GLOBAL_ACCENT_COLOR_NAME = AccentColor;
				CODE_SIGN_STYLE = Automatic;
				CURRENT_PROJECT_VERSION = 1;
				DEVELOPMENT_TEAM = CU5DL5JJWC;
				GENERATE_INFOPLIST_FILE = YES;
				INFOPLIST_FILE = CodingTestTimer/Info.plist;
				INFOPLIST_KEY_UIApplicationSupportsIndirectInputEvents = YES;
				INFOPLIST_KEY_UILaunchStoryboardName = LaunchScreen;
				INFOPLIST_KEY_UISupportedInterfaceOrientations_iPad = "UIInterfaceOrientationPortrait UIInterfaceOrientationPortraitUpsideDown UIInterfaceOrientationLandscapeLeft UIInterfaceOrientationLandscapeRight";
				INFOPLIST_KEY_UISupportedInterfaceOrientations_iPhone = "UIInterfaceOrientationPortrait UIInterfaceOrientationLandscapeLeft UIInterfaceOrientationLandscapeRight";
				LD_RUNPATH_SEARCH_PATHS = (
					"$(inherited)",
					"@executable_path/Frameworks",
				);
				MARKETING_VERSION = 1.0;
				PRODUCT_BUNDLE_IDENTIFIER = com.ghdps.CodingTestTimer;
				PRODUCT_NAME = "$(TARGET_NAME)";
				SWIFT_EMIT_LOC_STRINGS = YES;
				SWIFT_VERSION = 5.0;
				TARGETED_DEVICE_FAMILY = "1,2";
			};
			name = Debug;
		};
		6AA99FD0282BD56D002554FE /* Release */ = {
			isa = XCBuildConfiguration;
			buildSettings = {
				ASSETCATALOG_COMPILER_APPICON_NAME = AppIcon;
				ASSETCATALOG_COMPILER_GLOBAL_ACCENT_COLOR_NAME = AccentColor;
				CODE_SIGN_STYLE = Automatic;
				CURRENT_PROJECT_VERSION = 1;
				DEVELOPMENT_TEAM = CU5DL5JJWC;
				GENERATE_INFOPLIST_FILE = YES;
				INFOPLIST_FILE = CodingTestTimer/Info.plist;
				INFOPLIST_KEY_UIApplicationSupportsIndirectInputEvents = YES;
				INFOPLIST_KEY_UILaunchStoryboardName = LaunchScreen;
				INFOPLIST_KEY_UISupportedInterfaceOrientations_iPad = "UIInterfaceOrientationPortrait UIInterfaceOrientationPortraitUpsideDown UIInterfaceOrientationLandscapeLeft UIInterfaceOrientationLandscapeRight";
				INFOPLIST_KEY_UISupportedInterfaceOrientations_iPhone = "UIInterfaceOrientationPortrait UIInterfaceOrientationLandscapeLeft UIInterfaceOrientationLandscapeRight";
				LD_RUNPATH_SEARCH_PATHS = (
					"$(inherited)",
					"@executable_path/Frameworks",
				);
				MARKETING_VERSION = 1.0;
				PRODUCT_BUNDLE_IDENTIFIER = com.ghdps.CodingTestTimer;
				PRODUCT_NAME = "$(TARGET_NAME)";
				SWIFT_EMIT_LOC_STRINGS = YES;
				SWIFT_VERSION = 5.0;
				TARGETED_DEVICE_FAMILY = "1,2";
			};
			name = Release;
		};
/* End XCBuildConfiguration section */

/* Begin XCConfigurationList section */
		6A2D34E2282F24FE00A1EEC2 /* Build configuration list for PBXNativeTarget "CodingTestTimer_Tests" */ = {
			isa = XCConfigurationList;
			buildConfigurations = (
				6A2D34E0282F24FE00A1EEC2 /* Debug */,
				6A2D34E1282F24FE00A1EEC2 /* Release */,
			);
			defaultConfigurationIsVisible = 0;
			defaultConfigurationName = Release;
		};
		6AA99FB5282BD56A002554FE /* Build configuration list for PBXProject "CodingTestTimer" */ = {
			isa = XCConfigurationList;
			buildConfigurations = (
				6AA99FCC282BD56D002554FE /* Debug */,
				6AA99FCD282BD56D002554FE /* Release */,
			);
			defaultConfigurationIsVisible = 0;
			defaultConfigurationName = Release;
		};
		6AA99FCE282BD56D002554FE /* Build configuration list for PBXNativeTarget "CodingTestTimer" */ = {
			isa = XCConfigurationList;
			buildConfigurations = (
				6AA99FCF282BD56D002554FE /* Debug */,
				6AA99FD0282BD56D002554FE /* Release */,
			);
			defaultConfigurationIsVisible = 0;
			defaultConfigurationName = Release;
		};
/* End XCConfigurationList section */
	};
	rootObject = 6AA99FB2282BD56A002554FE /* Project object */;
}
