// !$*UTF8*$!
{
	archiveVersion = 1;
	classes = {
	};
	objectVersion = 55;
	objects = {

/* Begin PBXBuildFile section */
		6A2D34D3282EBC2F00A1EEC2 /* CTSettingViewController.swift in Sources */ = {isa = PBXBuildFile; fileRef = 6A2D34D2282EBC2F00A1EEC2 /* CTSettingViewController.swift */; };
		6A2D34D5282EBC6400A1EEC2 /* HistoryViewController.swift in Sources */ = {isa = PBXBuildFile; fileRef = 6A2D34D4282EBC6400A1EEC2 /* HistoryViewController.swift */; };
		6A2D34DD282F24FE00A1EEC2 /* CodingTestTimer_Tests.swift in Sources */ = {isa = PBXBuildFile; fileRef = 6A2D34DC282F24FE00A1EEC2 /* CodingTestTimer_Tests.swift */; };
		6A2D34E4282F7AF300A1EEC2 /* UIColor + CustomColor.swift in Sources */ = {isa = PBXBuildFile; fileRef = 6A2D34E3282F7AF300A1EEC2 /* UIColor + CustomColor.swift */; };
		6A3625AC2843B7E00062E44C /* Coordinator.swift in Sources */ = {isa = PBXBuildFile; fileRef = 6A3625AB2843B7E00062E44C /* Coordinator.swift */; };
		6A3625AF2843B8210062E44C /* CoordinatorFinishDelegate.swift in Sources */ = {isa = PBXBuildFile; fileRef = 6A3625AE2843B8210062E44C /* CoordinatorFinishDelegate.swift */; };
		6A3625B12843B8EB0062E44C /* AppCoordinator.swift in Sources */ = {isa = PBXBuildFile; fileRef = 6A3625B02843B8EB0062E44C /* AppCoordinator.swift */; };
		6A3625B32843BE970062E44C /* DefaultAppCoordinator.swift in Sources */ = {isa = PBXBuildFile; fileRef = 6A3625B22843BE970062E44C /* DefaultAppCoordinator.swift */; };
		6A3625B52843C50E0062E44C /* DefaultTabBarCoordinator.swift in Sources */ = {isa = PBXBuildFile; fileRef = 6A3625B42843C50E0062E44C /* DefaultTabBarCoordinator.swift */; };
		6A3625B72843C5B00062E44C /* TabBarCoordinator.swift in Sources */ = {isa = PBXBuildFile; fileRef = 6A3625B62843C5B00062E44C /* TabBarCoordinator.swift */; };
		6A3625BA2844A88D0062E44C /* TabBarPage.swift in Sources */ = {isa = PBXBuildFile; fileRef = 6A3625B92844A88D0062E44C /* TabBarPage.swift */; };
		6A3625BE2844AD1F0062E44C /* CTSettingCoordinator.swift in Sources */ = {isa = PBXBuildFile; fileRef = 6A3625BD2844AD1F0062E44C /* CTSettingCoordinator.swift */; };
		6A3625C02844AD7E0062E44C /* DefaultCTSettingCoordinator.swift in Sources */ = {isa = PBXBuildFile; fileRef = 6A3625BF2844AD7E0062E44C /* DefaultCTSettingCoordinator.swift */; };
		6A3625C22844F32C0062E44C /* CTSettingViewModel.swift in Sources */ = {isa = PBXBuildFile; fileRef = 6A3625C12844F32C0062E44C /* CTSettingViewModel.swift */; };
		6A3625C62844F3F20062E44C /* CTSettingUseCase.swift in Sources */ = {isa = PBXBuildFile; fileRef = 6A3625C52844F3F20062E44C /* CTSettingUseCase.swift */; };
		6A3625C82844F4090062E44C /* DefaultCTSettingUseCase.swift in Sources */ = {isa = PBXBuildFile; fileRef = 6A3625C72844F4090062E44C /* DefaultCTSettingUseCase.swift */; };
		6A3625CA2844F6A50062E44C /* CoordinatorType.swift in Sources */ = {isa = PBXBuildFile; fileRef = 6A3625C92844F6A50062E44C /* CoordinatorType.swift */; };
		6A3625CE28450E350062E44C /* HistoryCoordinator.swift in Sources */ = {isa = PBXBuildFile; fileRef = 6A3625CD28450E350062E44C /* HistoryCoordinator.swift */; };
		6A3625D028450E4D0062E44C /* DefaultHistoryCoordinator.swift in Sources */ = {isa = PBXBuildFile; fileRef = 6A3625CF28450E4D0062E44C /* DefaultHistoryCoordinator.swift */; };
		6A3625D228450F770062E44C /* HistoryViewModel.swift in Sources */ = {isa = PBXBuildFile; fileRef = 6A3625D128450F770062E44C /* HistoryViewModel.swift */; };
		6A3625D628450FCF0062E44C /* HistoryUseCase.swift in Sources */ = {isa = PBXBuildFile; fileRef = 6A3625D528450FCF0062E44C /* HistoryUseCase.swift */; };
		6A3625D828450FED0062E44C /* DefaultHistoryUseCase.swift in Sources */ = {isa = PBXBuildFile; fileRef = 6A3625D728450FED0062E44C /* DefaultHistoryUseCase.swift */; };
		6A3625DB2845C9120062E44C /* UIControl + ButtonPublisher.swift in Sources */ = {isa = PBXBuildFile; fileRef = 6A3625DA2845C9120062E44C /* UIControl + ButtonPublisher.swift */; };
		6AA99FBE282BD56B002554FE /* AppDelegate.swift in Sources */ = {isa = PBXBuildFile; fileRef = 6AA99FBD282BD56B002554FE /* AppDelegate.swift */; };
		6AA99FC0282BD56B002554FE /* SceneDelegate.swift in Sources */ = {isa = PBXBuildFile; fileRef = 6AA99FBF282BD56B002554FE /* SceneDelegate.swift */; };
		6AA99FC7282BD56D002554FE /* Assets.xcassets in Resources */ = {isa = PBXBuildFile; fileRef = 6AA99FC6282BD56D002554FE /* Assets.xcassets */; };
		6AA99FCA282BD56D002554FE /* LaunchScreen.storyboard in Resources */ = {isa = PBXBuildFile; fileRef = 6AA99FC8282BD56D002554FE /* LaunchScreen.storyboard */; };
/* End PBXBuildFile section */

/* Begin PBXContainerItemProxy section */
		6A2D34DE282F24FE00A1EEC2 /* PBXContainerItemProxy */ = {
			isa = PBXContainerItemProxy;
			containerPortal = 6AA99FB2282BD56A002554FE /* Project object */;
			proxyType = 1;
			remoteGlobalIDString = 6AA99FB9282BD56A002554FE;
			remoteInfo = CodingTestTimer;
		};
/* End PBXContainerItemProxy section */

/* Begin PBXFileReference section */
		6A2D34D2282EBC2F00A1EEC2 /* CTSettingViewController.swift */ = {isa = PBXFileReference; lastKnownFileType = sourcecode.swift; path = CTSettingViewController.swift; sourceTree = "<group>"; };
		6A2D34D4282EBC6400A1EEC2 /* HistoryViewController.swift */ = {isa = PBXFileReference; lastKnownFileType = sourcecode.swift; path = HistoryViewController.swift; sourceTree = "<group>"; };
		6A2D34DA282F24FE00A1EEC2 /* CodingTestTimer_Tests.xctest */ = {isa = PBXFileReference; explicitFileType = wrapper.cfbundle; includeInIndex = 0; path = CodingTestTimer_Tests.xctest; sourceTree = BUILT_PRODUCTS_DIR; };
		6A2D34DC282F24FE00A1EEC2 /* CodingTestTimer_Tests.swift */ = {isa = PBXFileReference; lastKnownFileType = sourcecode.swift; path = CodingTestTimer_Tests.swift; sourceTree = "<group>"; };
		6A2D34E3282F7AF300A1EEC2 /* UIColor + CustomColor.swift */ = {isa = PBXFileReference; lastKnownFileType = sourcecode.swift; path = "UIColor + CustomColor.swift"; sourceTree = "<group>"; };
		6A3625AB2843B7E00062E44C /* Coordinator.swift */ = {isa = PBXFileReference; lastKnownFileType = sourcecode.swift; path = Coordinator.swift; sourceTree = "<group>"; };
		6A3625AE2843B8210062E44C /* CoordinatorFinishDelegate.swift */ = {isa = PBXFileReference; lastKnownFileType = sourcecode.swift; path = CoordinatorFinishDelegate.swift; sourceTree = "<group>"; };
		6A3625B02843B8EB0062E44C /* AppCoordinator.swift */ = {isa = PBXFileReference; lastKnownFileType = sourcecode.swift; path = AppCoordinator.swift; sourceTree = "<group>"; };
		6A3625B22843BE970062E44C /* DefaultAppCoordinator.swift */ = {isa = PBXFileReference; lastKnownFileType = sourcecode.swift; path = DefaultAppCoordinator.swift; sourceTree = "<group>"; };
		6A3625B42843C50E0062E44C /* DefaultTabBarCoordinator.swift */ = {isa = PBXFileReference; lastKnownFileType = sourcecode.swift; path = DefaultTabBarCoordinator.swift; sourceTree = "<group>"; };
		6A3625B62843C5B00062E44C /* TabBarCoordinator.swift */ = {isa = PBXFileReference; lastKnownFileType = sourcecode.swift; path = TabBarCoordinator.swift; sourceTree = "<group>"; };
		6A3625B92844A88D0062E44C /* TabBarPage.swift */ = {isa = PBXFileReference; lastKnownFileType = sourcecode.swift; path = TabBarPage.swift; sourceTree = "<group>"; };
		6A3625BD2844AD1F0062E44C /* CTSettingCoordinator.swift */ = {isa = PBXFileReference; lastKnownFileType = sourcecode.swift; path = CTSettingCoordinator.swift; sourceTree = "<group>"; };
		6A3625BF2844AD7E0062E44C /* DefaultCTSettingCoordinator.swift */ = {isa = PBXFileReference; lastKnownFileType = sourcecode.swift; path = DefaultCTSettingCoordinator.swift; sourceTree = "<group>"; };
		6A3625C12844F32C0062E44C /* CTSettingViewModel.swift */ = {isa = PBXFileReference; lastKnownFileType = sourcecode.swift; path = CTSettingViewModel.swift; sourceTree = "<group>"; };
		6A3625C52844F3F20062E44C /* CTSettingUseCase.swift */ = {isa = PBXFileReference; lastKnownFileType = sourcecode.swift; path = CTSettingUseCase.swift; sourceTree = "<group>"; };
		6A3625C72844F4090062E44C /* DefaultCTSettingUseCase.swift */ = {isa = PBXFileReference; lastKnownFileType = sourcecode.swift; path = DefaultCTSettingUseCase.swift; sourceTree = "<group>"; };
		6A3625C92844F6A50062E44C /* CoordinatorType.swift */ = {isa = PBXFileReference; lastKnownFileType = sourcecode.swift; path = CoordinatorType.swift; sourceTree = "<group>"; };
		6A3625CD28450E350062E44C /* HistoryCoordinator.swift */ = {isa = PBXFileReference; lastKnownFileType = sourcecode.swift; path = HistoryCoordinator.swift; sourceTree = "<group>"; };
		6A3625CF28450E4D0062E44C /* DefaultHistoryCoordinator.swift */ = {isa = PBXFileReference; lastKnownFileType = sourcecode.swift; path = DefaultHistoryCoordinator.swift; sourceTree = "<group>"; };
		6A3625D128450F770062E44C /* HistoryViewModel.swift */ = {isa = PBXFileReference; lastKnownFileType = sourcecode.swift; path = HistoryViewModel.swift; sourceTree = "<group>"; };
		6A3625D528450FCF0062E44C /* HistoryUseCase.swift */ = {isa = PBXFileReference; lastKnownFileType = sourcecode.swift; path = HistoryUseCase.swift; sourceTree = "<group>"; };
		6A3625D728450FED0062E44C /* DefaultHistoryUseCase.swift */ = {isa = PBXFileReference; lastKnownFileType = sourcecode.swift; path = DefaultHistoryUseCase.swift; sourceTree = "<group>"; };
		6A3625DA2845C9120062E44C /* UIControl + ButtonPublisher.swift */ = {isa = PBXFileReference; lastKnownFileType = sourcecode.swift; path = "UIControl + ButtonPublisher.swift"; sourceTree = "<group>"; };
		6AA99FBA282BD56A002554FE /* CodingTestTimer.app */ = {isa = PBXFileReference; explicitFileType = wrapper.application; includeInIndex = 0; path = CodingTestTimer.app; sourceTree = BUILT_PRODUCTS_DIR; };
		6AA99FBD282BD56B002554FE /* AppDelegate.swift */ = {isa = PBXFileReference; lastKnownFileType = sourcecode.swift; path = AppDelegate.swift; sourceTree = "<group>"; };
		6AA99FBF282BD56B002554FE /* SceneDelegate.swift */ = {isa = PBXFileReference; lastKnownFileType = sourcecode.swift; path = SceneDelegate.swift; sourceTree = "<group>"; };
		6AA99FC6282BD56D002554FE /* Assets.xcassets */ = {isa = PBXFileReference; lastKnownFileType = folder.assetcatalog; path = Assets.xcassets; sourceTree = "<group>"; };
		6AA99FC9282BD56D002554FE /* Base */ = {isa = PBXFileReference; lastKnownFileType = file.storyboard; name = Base; path = Base.lproj/LaunchScreen.storyboard; sourceTree = "<group>"; };
		6AA99FCB282BD56D002554FE /* Info.plist */ = {isa = PBXFileReference; lastKnownFileType = text.plist.xml; path = Info.plist; sourceTree = "<group>"; };
/* End PBXFileReference section */

/* Begin PBXFrameworksBuildPhase section */
		6A2D34D7282F24FE00A1EEC2 /* Frameworks */ = {
			isa = PBXFrameworksBuildPhase;
			buildActionMask = 2147483647;
			files = (
			);
			runOnlyForDeploymentPostprocessing = 0;
		};
		6AA99FB7282BD56A002554FE /* Frameworks */ = {
			isa = PBXFrameworksBuildPhase;
			buildActionMask = 2147483647;
			files = (
			);
			runOnlyForDeploymentPostprocessing = 0;
		};
/* End PBXFrameworksBuildPhase section */

/* Begin PBXGroup section */
		6A2D34A7282E85E900A1EEC2 /* App */ = {
			isa = PBXGroup;
			children = (
				6AA99FBD282BD56B002554FE /* AppDelegate.swift */,
				6AA99FBF282BD56B002554FE /* SceneDelegate.swift */,
			);
			path = App;
			sourceTree = "<group>";
		};
		6A2D34DB282F24FE00A1EEC2 /* CodingTestTimer_Tests */ = {
			isa = PBXGroup;
			children = (
				6A2D34DC282F24FE00A1EEC2 /* CodingTestTimer_Tests.swift */,
			);
			path = CodingTestTimer_Tests;
			sourceTree = "<group>";
		};
		6A362567284208A90062E44C /* Domain */ = {
			isa = PBXGroup;
			children = (
				6A362568284208B50062E44C /* Entities */,
				6A362569284208CD0062E44C /* UseCase */,
			);
			path = Domain;
			sourceTree = "<group>";
		};
		6A362568284208B50062E44C /* Entities */ = {
			isa = PBXGroup;
			children = (
			);
			path = Entities;
			sourceTree = "<group>";
		};
		6A362569284208CD0062E44C /* UseCase */ = {
			isa = PBXGroup;
			children = (
				6A3625C32844F3E00062E44C /* CTSetting */,
				6A3625D328450FB60062E44C /* History */,
			);
			path = UseCase;
			sourceTree = "<group>";
		};
		6A36256C284208E90062E44C /* Presentation */ = {
			isa = PBXGroup;
			children = (
				6A3625A82843B61F0062E44C /* Common */,
				6A36256E2842092D0062E44C /* CTSettingScene */,
				6A36256D284209220062E44C /* HistoryScene */,
			);
			path = Presentation;
			sourceTree = "<group>";
		};
		6A36256D284209220062E44C /* HistoryScene */ = {
			isa = PBXGroup;
			children = (
				6A3625CB28450DAF0062E44C /* Coordinator */,
				6A362572284209640062E44C /* ViewModel */,
				6A362571284209600062E44C /* View */,
			);
			path = HistoryScene;
			sourceTree = "<group>";
		};
		6A36256E2842092D0062E44C /* CTSettingScene */ = {
			isa = PBXGroup;
			children = (
				6A3625BB2844AC600062E44C /* Coordinator */,
				6A362570284209460062E44C /* ViewModel */,
				6A36256F284209430062E44C /* View */,
			);
			path = CTSettingScene;
			sourceTree = "<group>";
		};
		6A36256F284209430062E44C /* View */ = {
			isa = PBXGroup;
			children = (
				6A2D34D2282EBC2F00A1EEC2 /* CTSettingViewController.swift */,
			);
			path = View;
			sourceTree = "<group>";
		};
		6A362570284209460062E44C /* ViewModel */ = {
			isa = PBXGroup;
			children = (
				6A3625C12844F32C0062E44C /* CTSettingViewModel.swift */,
			);
			path = ViewModel;
			sourceTree = "<group>";
		};
		6A362571284209600062E44C /* View */ = {
			isa = PBXGroup;
			children = (
				6A2D34D4282EBC6400A1EEC2 /* HistoryViewController.swift */,
			);
			path = View;
			sourceTree = "<group>";
		};
		6A362572284209640062E44C /* ViewModel */ = {
			isa = PBXGroup;
			children = (
				6A3625D128450F770062E44C /* HistoryViewModel.swift */,
			);
			path = ViewModel;
			sourceTree = "<group>";
		};
		6A362573284209CF0062E44C /* Data */ = {
			isa = PBXGroup;
			children = (
				6A362575284209FB0062E44C /* PersistentStorages */,
				6A362574284209F20062E44C /* Repositories */,
			);
			path = Data;
			sourceTree = "<group>";
		};
		6A362574284209F20062E44C /* Repositories */ = {
			isa = PBXGroup;
			children = (
			);
			path = Repositories;
			sourceTree = "<group>";
		};
		6A362575284209FB0062E44C /* PersistentStorages */ = {
			isa = PBXGroup;
			children = (
			);
			path = PersistentStorages;
			sourceTree = "<group>";
		};
		6A3625A72843900E0062E44C /* Util */ = {
			isa = PBXGroup;
			children = (
				6A3625D92845C8B80062E44C /* Extension */,
				6A3625B82844A8810062E44C /* Constant */,
			);
			path = Util;
			sourceTree = "<group>";
		};
		6A3625A82843B61F0062E44C /* Common */ = {
			isa = PBXGroup;
			children = (
				6A3625A92843B6360062E44C /* Coordinator */,
			);
			path = Common;
			sourceTree = "<group>";
		};
		6A3625A92843B6360062E44C /* Coordinator */ = {
			isa = PBXGroup;
			children = (
				6A3625B22843BE970062E44C /* DefaultAppCoordinator.swift */,
				6A3625B42843C50E0062E44C /* DefaultTabBarCoordinator.swift */,
				6A3625AA2843B7D40062E44C /* Protocol */,
				6A3625AD2843B8100062E44C /* Delegate */,
			);
			path = Coordinator;
			sourceTree = "<group>";
		};
		6A3625AA2843B7D40062E44C /* Protocol */ = {
			isa = PBXGroup;
			children = (
				6A3625AB2843B7E00062E44C /* Coordinator.swift */,
				6A3625B02843B8EB0062E44C /* AppCoordinator.swift */,
				6A3625B62843C5B00062E44C /* TabBarCoordinator.swift */,
			);
			path = Protocol;
			sourceTree = "<group>";
		};
		6A3625AD2843B8100062E44C /* Delegate */ = {
			isa = PBXGroup;
			children = (
				6A3625AE2843B8210062E44C /* CoordinatorFinishDelegate.swift */,
			);
			path = Delegate;
			sourceTree = "<group>";
		};
		6A3625B82844A8810062E44C /* Constant */ = {
			isa = PBXGroup;
			children = (
				6A3625B92844A88D0062E44C /* TabBarPage.swift */,
				6A3625C92844F6A50062E44C /* CoordinatorType.swift */,
			);
			path = Constant;
			sourceTree = "<group>";
		};
		6A3625BB2844AC600062E44C /* Coordinator */ = {
			isa = PBXGroup;
			children = (
				6A3625BF2844AD7E0062E44C /* DefaultCTSettingCoordinator.swift */,
				6A3625BC2844AC670062E44C /* Protocol */,
			);
			path = Coordinator;
			sourceTree = "<group>";
		};
		6A3625BC2844AC670062E44C /* Protocol */ = {
			isa = PBXGroup;
			children = (
				6A3625BD2844AD1F0062E44C /* CTSettingCoordinator.swift */,
			);
			path = Protocol;
			sourceTree = "<group>";
		};
		6A3625C32844F3E00062E44C /* CTSetting */ = {
			isa = PBXGroup;
			children = (
				6A3625C72844F4090062E44C /* DefaultCTSettingUseCase.swift */,
				6A3625C42844F3E80062E44C /* Protocol */,
			);
			path = CTSetting;
			sourceTree = "<group>";
		};
		6A3625C42844F3E80062E44C /* Protocol */ = {
			isa = PBXGroup;
			children = (
				6A3625C52844F3F20062E44C /* CTSettingUseCase.swift */,
			);
			path = Protocol;
			sourceTree = "<group>";
		};
		6A3625CB28450DAF0062E44C /* Coordinator */ = {
			isa = PBXGroup;
			children = (
				6A3625CF28450E4D0062E44C /* DefaultHistoryCoordinator.swift */,
				6A3625CC28450DB80062E44C /* Protocol */,
			);
			path = Coordinator;
			sourceTree = "<group>";
		};
		6A3625CC28450DB80062E44C /* Protocol */ = {
			isa = PBXGroup;
			children = (
				6A3625CD28450E350062E44C /* HistoryCoordinator.swift */,
			);
			path = Protocol;
			sourceTree = "<group>";
		};
		6A3625D328450FB60062E44C /* History */ = {
			isa = PBXGroup;
			children = (
				6A3625D728450FED0062E44C /* DefaultHistoryUseCase.swift */,
				6A3625D428450FBC0062E44C /* Protocol */,
			);
			path = History;
			sourceTree = "<group>";
		};
		6A3625D428450FBC0062E44C /* Protocol */ = {
			isa = PBXGroup;
			children = (
				6A3625D528450FCF0062E44C /* HistoryUseCase.swift */,
			);
			path = Protocol;
			sourceTree = "<group>";
		};
		6A3625D92845C8B80062E44C /* Extension */ = {
			isa = PBXGroup;
			children = (
				6A2D34E3282F7AF300A1EEC2 /* UIColor + CustomColor.swift */,
				6A3625DA2845C9120062E44C /* UIControl + ButtonPublisher.swift */,
			);
			path = Extension;
			sourceTree = "<group>";
		};
		6AA99FB1282BD56A002554FE = {
			isa = PBXGroup;
			children = (
				6AA99FBC282BD56A002554FE /* CodingTestTimer */,
				6A2D34DB282F24FE00A1EEC2 /* CodingTestTimer_Tests */,
				6AA99FBB282BD56A002554FE /* Products */,
			);
			sourceTree = "<group>";
		};
		6AA99FBB282BD56A002554FE /* Products */ = {
			isa = PBXGroup;
			children = (
				6AA99FBA282BD56A002554FE /* CodingTestTimer.app */,
				6A2D34DA282F24FE00A1EEC2 /* CodingTestTimer_Tests.xctest */,
			);
			name = Products;
			sourceTree = "<group>";
		};
		6AA99FBC282BD56A002554FE /* CodingTestTimer */ = {
			isa = PBXGroup;
			children = (
				6A3625A72843900E0062E44C /* Util */,
				6A2D34A7282E85E900A1EEC2 /* App */,
				6A362567284208A90062E44C /* Domain */,
				6A36256C284208E90062E44C /* Presentation */,
				6A362573284209CF0062E44C /* Data */,
				6AA99FC6282BD56D002554FE /* Assets.xcassets */,
				6AA99FC8282BD56D002554FE /* LaunchScreen.storyboard */,
				6AA99FCB282BD56D002554FE /* Info.plist */,
			);
			path = CodingTestTimer;
			sourceTree = "<group>";
		};
/* End PBXGroup section */

/* Begin PBXNativeTarget section */
		6A2D34D9282F24FE00A1EEC2 /* CodingTestTimer_Tests */ = {
			isa = PBXNativeTarget;
			buildConfigurationList = 6A2D34E2282F24FE00A1EEC2 /* Build configuration list for PBXNativeTarget "CodingTestTimer_Tests" */;
			buildPhases = (
				6A2D34D6282F24FE00A1EEC2 /* Sources */,
				6A2D34D7282F24FE00A1EEC2 /* Frameworks */,
				6A2D34D8282F24FE00A1EEC2 /* Resources */,
			);
			buildRules = (
			);
			dependencies = (
				6A2D34DF282F24FE00A1EEC2 /* PBXTargetDependency */,
			);
			name = CodingTestTimer_Tests;
			productName = CodingTestTimer_Tests;
			productReference = 6A2D34DA282F24FE00A1EEC2 /* CodingTestTimer_Tests.xctest */;
			productType = "com.apple.product-type.bundle.unit-test";
		};
		6AA99FB9282BD56A002554FE /* CodingTestTimer */ = {
			isa = PBXNativeTarget;
			buildConfigurationList = 6AA99FCE282BD56D002554FE /* Build configuration list for PBXNativeTarget "CodingTestTimer" */;
			buildPhases = (
				6AA99FB6282BD56A002554FE /* Sources */,
				6AA99FB7282BD56A002554FE /* Frameworks */,
				6AA99FB8282BD56A002554FE /* Resources */,
			);
			buildRules = (
			);
			dependencies = (
			);
			name = CodingTestTimer;
			productName = CodingTestTimer;
			productReference = 6AA99FBA282BD56A002554FE /* CodingTestTimer.app */;
			productType = "com.apple.product-type.application";
		};
/* End PBXNativeTarget section */

/* Begin PBXProject section */
		6AA99FB2282BD56A002554FE /* Project object */ = {
			isa = PBXProject;
			attributes = {
				BuildIndependentTargetsInParallel = 1;
				LastSwiftUpdateCheck = 1330;
				LastUpgradeCheck = 1330;
				TargetAttributes = {
					6A2D34D9282F24FE00A1EEC2 = {
						CreatedOnToolsVersion = 13.3.1;
						TestTargetID = 6AA99FB9282BD56A002554FE;
					};
					6AA99FB9282BD56A002554FE = {
						CreatedOnToolsVersion = 13.3.1;
					};
				};
			};
			buildConfigurationList = 6AA99FB5282BD56A002554FE /* Build configuration list for PBXProject "CodingTestTimer" */;
			compatibilityVersion = "Xcode 13.0";
			developmentRegion = en;
			hasScannedForEncodings = 0;
			knownRegions = (
				en,
				Base,
			);
			mainGroup = 6AA99FB1282BD56A002554FE;
			productRefGroup = 6AA99FBB282BD56A002554FE /* Products */;
			projectDirPath = "";
			projectRoot = "";
			targets = (
				6AA99FB9282BD56A002554FE /* CodingTestTimer */,
				6A2D34D9282F24FE00A1EEC2 /* CodingTestTimer_Tests */,
			);
		};
/* End PBXProject section */

/* Begin PBXResourcesBuildPhase section */
		6A2D34D8282F24FE00A1EEC2 /* Resources */ = {
			isa = PBXResourcesBuildPhase;
			buildActionMask = 2147483647;
			files = (
			);
			runOnlyForDeploymentPostprocessing = 0;
		};
		6AA99FB8282BD56A002554FE /* Resources */ = {
			isa = PBXResourcesBuildPhase;
			buildActionMask = 2147483647;
			files = (
				6AA99FCA282BD56D002554FE /* LaunchScreen.storyboard in Resources */,
				6AA99FC7282BD56D002554FE /* Assets.xcassets in Resources */,
			);
			runOnlyForDeploymentPostprocessing = 0;
		};
/* End PBXResourcesBuildPhase section */

/* Begin PBXSourcesBuildPhase section */
		6A2D34D6282F24FE00A1EEC2 /* Sources */ = {
			isa = PBXSourcesBuildPhase;
			buildActionMask = 2147483647;
			files = (
				6A2D34DD282F24FE00A1EEC2 /* CodingTestTimer_Tests.swift in Sources */,
			);
			runOnlyForDeploymentPostprocessing = 0;
		};
		6AA99FB6282BD56A002554FE /* Sources */ = {
			isa = PBXSourcesBuildPhase;
			buildActionMask = 2147483647;
			files = (
				6A3625D628450FCF0062E44C /* HistoryUseCase.swift in Sources */,
				6A3625C82844F4090062E44C /* DefaultCTSettingUseCase.swift in Sources */,
				6A3625D028450E4D0062E44C /* DefaultHistoryCoordinator.swift in Sources */,
				6A3625BA2844A88D0062E44C /* TabBarPage.swift in Sources */,
				6A3625B32843BE970062E44C /* DefaultAppCoordinator.swift in Sources */,
				6A3625B52843C50E0062E44C /* DefaultTabBarCoordinator.swift in Sources */,
				6A3625CE28450E350062E44C /* HistoryCoordinator.swift in Sources */,
				6A3625B72843C5B00062E44C /* TabBarCoordinator.swift in Sources */,
				6A2D34D3282EBC2F00A1EEC2 /* CTSettingViewController.swift in Sources */,
				6A2D34E4282F7AF300A1EEC2 /* UIColor + CustomColor.swift in Sources */,
				6A3625AF2843B8210062E44C /* CoordinatorFinishDelegate.swift in Sources */,
				6AA99FBE282BD56B002554FE /* AppDelegate.swift in Sources */,
				6A3625C22844F32C0062E44C /* CTSettingViewModel.swift in Sources */,
				6A3625C02844AD7E0062E44C /* DefaultCTSettingCoordinator.swift in Sources */,
				6A3625D228450F770062E44C /* HistoryViewModel.swift in Sources */,
				6AA99FC0282BD56B002554FE /* SceneDelegate.swift in Sources */,
				6A3625DB2845C9120062E44C /* UIControl + ButtonPublisher.swift in Sources */,
				6A3625B12843B8EB0062E44C /* AppCoordinator.swift in Sources */,
				6A3625BE2844AD1F0062E44C /* CTSettingCoordinator.swift in Sources */,
				6A3625CA2844F6A50062E44C /* CoordinatorType.swift in Sources */,
				6A2D34D5282EBC6400A1EEC2 /* HistoryViewController.swift in Sources */,
				6A3625D828450FED0062E44C /* DefaultHistoryUseCase.swift in Sources */,
				6A3625AC2843B7E00062E44C /* Coordinator.swift in Sources */,
				6A3625C62844F3F20062E44C /* CTSettingUseCase.swift in Sources */,
			);
			runOnlyForDeploymentPostprocessing = 0;
		};
/* End PBXSourcesBuildPhase section */

/* Begin PBXTargetDependency section */
		6A2D34DF282F24FE00A1EEC2 /* PBXTargetDependency */ = {
			isa = PBXTargetDependency;
			target = 6AA99FB9282BD56A002554FE /* CodingTestTimer */;
			targetProxy = 6A2D34DE282F24FE00A1EEC2 /* PBXContainerItemProxy */;
		};
/* End PBXTargetDependency section */

/* Begin PBXVariantGroup section */
		6AA99FC8282BD56D002554FE /* LaunchScreen.storyboard */ = {
			isa = PBXVariantGroup;
			children = (
				6AA99FC9282BD56D002554FE /* Base */,
			);
			name = LaunchScreen.storyboard;
			sourceTree = "<group>";
		};
/* End PBXVariantGroup section */

/* Begin XCBuildConfiguration section */
		6A2D34E0282F24FE00A1EEC2 /* Debug */ = {
			isa = XCBuildConfiguration;
			buildSettings = {
				BUNDLE_LOADER = "$(TEST_HOST)";
				CODE_SIGN_STYLE = Automatic;
				CURRENT_PROJECT_VERSION = 1;
				DEVELOPMENT_TEAM = CU5DL5JJWC;
				GENERATE_INFOPLIST_FILE = YES;
				MARKETING_VERSION = 1.0;
				PRODUCT_BUNDLE_IDENTIFIER = "com.ghdps.CodingTestTimer-Tests";
				PRODUCT_NAME = "$(TARGET_NAME)";
				SWIFT_EMIT_LOC_STRINGS = NO;
				SWIFT_VERSION = 5.0;
				TARGETED_DEVICE_FAMILY = "1,2";
				TEST_HOST = "$(BUILT_PRODUCTS_DIR)/CodingTestTimer.app/CodingTestTimer";
			};
			name = Debug;
		};
		6A2D34E1282F24FE00A1EEC2 /* Release */ = {
			isa = XCBuildConfiguration;
			buildSettings = {
				BUNDLE_LOADER = "$(TEST_HOST)";
				CODE_SIGN_STYLE = Automatic;
				CURRENT_PROJECT_VERSION = 1;
				DEVELOPMENT_TEAM = CU5DL5JJWC;
				GENERATE_INFOPLIST_FILE = YES;
				MARKETING_VERSION = 1.0;
				PRODUCT_BUNDLE_IDENTIFIER = "com.ghdps.CodingTestTimer-Tests";
				PRODUCT_NAME = "$(TARGET_NAME)";
				SWIFT_EMIT_LOC_STRINGS = NO;
				SWIFT_VERSION = 5.0;
				TARGETED_DEVICE_FAMILY = "1,2";
				TEST_HOST = "$(BUILT_PRODUCTS_DIR)/CodingTestTimer.app/CodingTestTimer";
			};
			name = Release;
		};
		6AA99FCC282BD56D002554FE /* Debug */ = {
			isa = XCBuildConfiguration;
			buildSettings = {
				ALWAYS_SEARCH_USER_PATHS = NO;
				CLANG_ANALYZER_NONNULL = YES;
				CLANG_ANALYZER_NUMBER_OBJECT_CONVERSION = YES_AGGRESSIVE;
				CLANG_CXX_LANGUAGE_STANDARD = "gnu++17";
				CLANG_ENABLE_MODULES = YES;
				CLANG_ENABLE_OBJC_ARC = YES;
				CLANG_ENABLE_OBJC_WEAK = YES;
				CLANG_WARN_BLOCK_CAPTURE_AUTORELEASING = YES;
				CLANG_WARN_BOOL_CONVERSION = YES;
				CLANG_WARN_COMMA = YES;
				CLANG_WARN_CONSTANT_CONVERSION = YES;
				CLANG_WARN_DEPRECATED_OBJC_IMPLEMENTATIONS = YES;
				CLANG_WARN_DIRECT_OBJC_ISA_USAGE = YES_ERROR;
				CLANG_WARN_DOCUMENTATION_COMMENTS = YES;
				CLANG_WARN_EMPTY_BODY = YES;
				CLANG_WARN_ENUM_CONVERSION = YES;
				CLANG_WARN_INFINITE_RECURSION = YES;
				CLANG_WARN_INT_CONVERSION = YES;
				CLANG_WARN_NON_LITERAL_NULL_CONVERSION = YES;
				CLANG_WARN_OBJC_IMPLICIT_RETAIN_SELF = YES;
				CLANG_WARN_OBJC_LITERAL_CONVERSION = YES;
				CLANG_WARN_OBJC_ROOT_CLASS = YES_ERROR;
				CLANG_WARN_QUOTED_INCLUDE_IN_FRAMEWORK_HEADER = YES;
				CLANG_WARN_RANGE_LOOP_ANALYSIS = YES;
				CLANG_WARN_STRICT_PROTOTYPES = YES;
				CLANG_WARN_SUSPICIOUS_MOVE = YES;
				CLANG_WARN_UNGUARDED_AVAILABILITY = YES_AGGRESSIVE;
				CLANG_WARN_UNREACHABLE_CODE = YES;
				CLANG_WARN__DUPLICATE_METHOD_MATCH = YES;
				COPY_PHASE_STRIP = NO;
				DEBUG_INFORMATION_FORMAT = dwarf;
				ENABLE_STRICT_OBJC_MSGSEND = YES;
				ENABLE_TESTABILITY = YES;
				GCC_C_LANGUAGE_STANDARD = gnu11;
				GCC_DYNAMIC_NO_PIC = NO;
				GCC_NO_COMMON_BLOCKS = YES;
				GCC_OPTIMIZATION_LEVEL = 0;
				GCC_PREPROCESSOR_DEFINITIONS = (
					"DEBUG=1",
					"$(inherited)",
				);
				GCC_WARN_64_TO_32_BIT_CONVERSION = YES;
				GCC_WARN_ABOUT_RETURN_TYPE = YES_ERROR;
				GCC_WARN_UNDECLARED_SELECTOR = YES;
				GCC_WARN_UNINITIALIZED_AUTOS = YES_AGGRESSIVE;
				GCC_WARN_UNUSED_FUNCTION = YES;
				GCC_WARN_UNUSED_VARIABLE = YES;
				IPHONEOS_DEPLOYMENT_TARGET = 15.4;
				MTL_ENABLE_DEBUG_INFO = INCLUDE_SOURCE;
				MTL_FAST_MATH = YES;
				ONLY_ACTIVE_ARCH = YES;
				SDKROOT = iphoneos;
				SWIFT_ACTIVE_COMPILATION_CONDITIONS = DEBUG;
				SWIFT_OPTIMIZATION_LEVEL = "-Onone";
			};
			name = Debug;
		};
		6AA99FCD282BD56D002554FE /* Release */ = {
			isa = XCBuildConfiguration;
			buildSettings = {
				ALWAYS_SEARCH_USER_PATHS = NO;
				CLANG_ANALYZER_NONNULL = YES;
				CLANG_ANALYZER_NUMBER_OBJECT_CONVERSION = YES_AGGRESSIVE;
				CLANG_CXX_LANGUAGE_STANDARD = "gnu++17";
				CLANG_ENABLE_MODULES = YES;
				CLANG_ENABLE_OBJC_ARC = YES;
				CLANG_ENABLE_OBJC_WEAK = YES;
				CLANG_WARN_BLOCK_CAPTURE_AUTORELEASING = YES;
				CLANG_WARN_BOOL_CONVERSION = YES;
				CLANG_WARN_COMMA = YES;
				CLANG_WARN_CONSTANT_CONVERSION = YES;
				CLANG_WARN_DEPRECATED_OBJC_IMPLEMENTATIONS = YES;
				CLANG_WARN_DIRECT_OBJC_ISA_USAGE = YES_ERROR;
				CLANG_WARN_DOCUMENTATION_COMMENTS = YES;
				CLANG_WARN_EMPTY_BODY = YES;
				CLANG_WARN_ENUM_CONVERSION = YES;
				CLANG_WARN_INFINITE_RECURSION = YES;
				CLANG_WARN_INT_CONVERSION = YES;
				CLANG_WARN_NON_LITERAL_NULL_CONVERSION = YES;
				CLANG_WARN_OBJC_IMPLICIT_RETAIN_SELF = YES;
				CLANG_WARN_OBJC_LITERAL_CONVERSION = YES;
				CLANG_WARN_OBJC_ROOT_CLASS = YES_ERROR;
				CLANG_WARN_QUOTED_INCLUDE_IN_FRAMEWORK_HEADER = YES;
				CLANG_WARN_RANGE_LOOP_ANALYSIS = YES;
				CLANG_WARN_STRICT_PROTOTYPES = YES;
				CLANG_WARN_SUSPICIOUS_MOVE = YES;
				CLANG_WARN_UNGUARDED_AVAILABILITY = YES_AGGRESSIVE;
				CLANG_WARN_UNREACHABLE_CODE = YES;
				CLANG_WARN__DUPLICATE_METHOD_MATCH = YES;
				COPY_PHASE_STRIP = NO;
				DEBUG_INFORMATION_FORMAT = "dwarf-with-dsym";
				ENABLE_NS_ASSERTIONS = NO;
				ENABLE_STRICT_OBJC_MSGSEND = YES;
				GCC_C_LANGUAGE_STANDARD = gnu11;
				GCC_NO_COMMON_BLOCKS = YES;
				GCC_WARN_64_TO_32_BIT_CONVERSION = YES;
				GCC_WARN_ABOUT_RETURN_TYPE = YES_ERROR;
				GCC_WARN_UNDECLARED_SELECTOR = YES;
				GCC_WARN_UNINITIALIZED_AUTOS = YES_AGGRESSIVE;
				GCC_WARN_UNUSED_FUNCTION = YES;
				GCC_WARN_UNUSED_VARIABLE = YES;
				IPHONEOS_DEPLOYMENT_TARGET = 15.4;
				MTL_ENABLE_DEBUG_INFO = NO;
				MTL_FAST_MATH = YES;
				SDKROOT = iphoneos;
				SWIFT_COMPILATION_MODE = wholemodule;
				SWIFT_OPTIMIZATION_LEVEL = "-O";
				VALIDATE_PRODUCT = YES;
			};
			name = Release;
		};
		6AA99FCF282BD56D002554FE /* Debug */ = {
			isa = XCBuildConfiguration;
			buildSettings = {
				ASSETCATALOG_COMPILER_APPICON_NAME = AppIcon;
				ASSETCATALOG_COMPILER_GLOBAL_ACCENT_COLOR_NAME = AccentColor;
				CODE_SIGN_STYLE = Automatic;
				CURRENT_PROJECT_VERSION = 1;
				DEVELOPMENT_TEAM = CU5DL5JJWC;
				GENERATE_INFOPLIST_FILE = YES;
				INFOPLIST_FILE = CodingTestTimer/Info.plist;
				INFOPLIST_KEY_UIApplicationSupportsIndirectInputEvents = YES;
				INFOPLIST_KEY_UILaunchStoryboardName = LaunchScreen;
				INFOPLIST_KEY_UISupportedInterfaceOrientations_iPad = "UIInterfaceOrientationPortrait UIInterfaceOrientationPortraitUpsideDown UIInterfaceOrientationLandscapeLeft UIInterfaceOrientationLandscapeRight";
				INFOPLIST_KEY_UISupportedInterfaceOrientations_iPhone = "UIInterfaceOrientationPortrait UIInterfaceOrientationLandscapeLeft UIInterfaceOrientationLandscapeRight";
				LD_RUNPATH_SEARCH_PATHS = (
					"$(inherited)",
					"@executable_path/Frameworks",
				);
				MARKETING_VERSION = 1.0;
				PRODUCT_BUNDLE_IDENTIFIER = com.ghdps.CodingTestTimer;
				PRODUCT_NAME = "$(TARGET_NAME)";
				SWIFT_EMIT_LOC_STRINGS = YES;
				SWIFT_VERSION = 5.0;
				TARGETED_DEVICE_FAMILY = "1,2";
			};
			name = Debug;
		};
		6AA99FD0282BD56D002554FE /* Release */ = {
			isa = XCBuildConfiguration;
			buildSettings = {
				ASSETCATALOG_COMPILER_APPICON_NAME = AppIcon;
				ASSETCATALOG_COMPILER_GLOBAL_ACCENT_COLOR_NAME = AccentColor;
				CODE_SIGN_STYLE = Automatic;
				CURRENT_PROJECT_VERSION = 1;
				DEVELOPMENT_TEAM = CU5DL5JJWC;
				GENERATE_INFOPLIST_FILE = YES;
				INFOPLIST_FILE = CodingTestTimer/Info.plist;
				INFOPLIST_KEY_UIApplicationSupportsIndirectInputEvents = YES;
				INFOPLIST_KEY_UILaunchStoryboardName = LaunchScreen;
				INFOPLIST_KEY_UISupportedInterfaceOrientations_iPad = "UIInterfaceOrientationPortrait UIInterfaceOrientationPortraitUpsideDown UIInterfaceOrientationLandscapeLeft UIInterfaceOrientationLandscapeRight";
				INFOPLIST_KEY_UISupportedInterfaceOrientations_iPhone = "UIInterfaceOrientationPortrait UIInterfaceOrientationLandscapeLeft UIInterfaceOrientationLandscapeRight";
				LD_RUNPATH_SEARCH_PATHS = (
					"$(inherited)",
					"@executable_path/Frameworks",
				);
				MARKETING_VERSION = 1.0;
				PRODUCT_BUNDLE_IDENTIFIER = com.ghdps.CodingTestTimer;
				PRODUCT_NAME = "$(TARGET_NAME)";
				SWIFT_EMIT_LOC_STRINGS = YES;
				SWIFT_VERSION = 5.0;
				TARGETED_DEVICE_FAMILY = "1,2";
			};
			name = Release;
		};
/* End XCBuildConfiguration section */

/* Begin XCConfigurationList section */
		6A2D34E2282F24FE00A1EEC2 /* Build configuration list for PBXNativeTarget "CodingTestTimer_Tests" */ = {
			isa = XCConfigurationList;
			buildConfigurations = (
				6A2D34E0282F24FE00A1EEC2 /* Debug */,
				6A2D34E1282F24FE00A1EEC2 /* Release */,
			);
			defaultConfigurationIsVisible = 0;
			defaultConfigurationName = Release;
		};
		6AA99FB5282BD56A002554FE /* Build configuration list for PBXProject "CodingTestTimer" */ = {
			isa = XCConfigurationList;
			buildConfigurations = (
				6AA99FCC282BD56D002554FE /* Debug */,
				6AA99FCD282BD56D002554FE /* Release */,
			);
			defaultConfigurationIsVisible = 0;
			defaultConfigurationName = Release;
		};
		6AA99FCE282BD56D002554FE /* Build configuration list for PBXNativeTarget "CodingTestTimer" */ = {
			isa = XCConfigurationList;
			buildConfigurations = (
				6AA99FCF282BD56D002554FE /* Debug */,
				6AA99FD0282BD56D002554FE /* Release */,
			);
			defaultConfigurationIsVisible = 0;
			defaultConfigurationName = Release;
		};
/* End XCConfigurationList section */
	};
	rootObject = 6AA99FB2282BD56A002554FE /* Project object */;
}
